Microsoft Visual Studio Solution File, Format Version 12.00
# Visual Studio Version 17
VisualStudioVersion = 17.5.2.0
MinimumVisualStudioVersion = 10.0.40219.1
Project("{FAE04EC0-301F-11D3-BF4B-00C04F79EFBC}") = "AddDateToGraphicWpf", "AddDateToGraphicWpf.csproj", "{45381825-174C-8629-AF84-84282C904A1E}"
EndProject
Project("{FAE04EC0-301F-11D3-BF4B-00C04F79EFBC}") = "ImageGenerator", "ImageGenerator\ImageGenerator.csproj", "{9BFCF4EA-D71D-522A-31D8-B09BC5162222}"
EndProject
Global
	GlobalSection(SolutionConfigurationPlatforms) = preSolution
		Debug|Any CPU = Debug|Any CPU
		Release|Any CPU = Release|Any CPU
	EndGlobalSection
	GlobalSection(ProjectConfigurationPlatforms) = postSolution
		{45381825-174C-8629-AF84-84282C904A1E}.Debug|Any CPU.ActiveCfg = Debug|Any CPU
		{45381825-174C-8629-AF84-84282C904A1E}.Debug|Any CPU.Build.0 = Debug|Any CPU
		{45381825-174C-8629-AF84-84282C904A1E}.Release|Any CPU.ActiveCfg = Release|Any CPU
		{45381825-174C-8629-AF84-84282C904A1E}.Release|Any CPU.Build.0 = Release|Any CPU
		{9BFCF4EA-D71D-522A-31D8-B09BC5162222}.Debug|Any CPU.ActiveCfg = Debug|Any CPU
		{9BFCF4EA-D71D-522A-31D8-B09BC5162222}.Debug|Any CPU.Build.0 = Debug|Any CPU
		{9BFCF4EA-D71D-522A-31D8-B09BC5162222}.Release|Any CPU.ActiveCfg = Release|Any CPU
		{9BFCF4EA-D71D-522A-31D8-B09BC5162222}.Release|Any CPU.Build.0 = Release|Any CPU
	EndGlobalSection
	GlobalSection(SolutionProperties) = preSolution
		HideSolutionNode = FALSE
	EndGlobalSection
	GlobalSection(ExtensibilityGlobals) = postSolution
		SolutionGuid = {29D3138D-2538-4304-9ACC-7ED24B5A2BD4}
	EndGlobalSection
EndGlobal
